
Microsoft Visual Studio Solution File, Format Version 12.00
# Visual Studio Version 16
VisualStudioVersion = 16.0.31729.503
MinimumVisualStudioVersion = 10.0.40219.1
Project("{FAE04EC0-301F-11D3-BF4B-00C04F79EFBC}") = "TestSeri", "TestSeri\TestSeri.csproj", "{A7C6C612-6B54-43E9-B3E5-E82A8F06C12F}"
EndProject
Project("{FAE04EC0-301F-11D3-BF4B-00C04F79EFBC}") = "TestBase", "TestBase\TestBase.csproj", "{ACA2B253-1BB4-4551-B20F-D0E78E797ABB}"
EndProject
Global
	GlobalSection(SolutionConfigurationPlatforms) = preSolution
		Debug|Any CPU = Debug|Any CPU
		Release|Any CPU = Release|Any CPU
	EndGlobalSection
	GlobalSection(ProjectConfigurationPlatforms) = postSolution
		{A7C6C612-6B54-43E9-B3E5-E82A8F06C12F}.Debug|Any CPU.ActiveCfg = Debug|Any CPU
		{A7C6C612-6B54-43E9-B3E5-E82A8F06C12F}.Debug|Any CPU.Build.0 = Debug|Any CPU
		{A7C6C612-6B54-43E9-B3E5-E82A8F06C12F}.Release|Any CPU.ActiveCfg = Release|Any CPU
		{A7C6C612-6B54-43E9-B3E5-E82A8F06C12F}.Release|Any CPU.Build.0 = Release|Any CPU
		{ACA2B253-1BB4-4551-B20F-D0E78E797ABB}.Debug|Any CPU.ActiveCfg = Debug|Any CPU
		{ACA2B253-1BB4-4551-B20F-D0E78E797ABB}.Debug|Any CPU.Build.0 = Debug|Any CPU
		{ACA2B253-1BB4-4551-B20F-D0E78E797ABB}.Release|Any CPU.ActiveCfg = Release|Any CPU
		{ACA2B253-1BB4-4551-B20F-D0E78E797ABB}.Release|Any CPU.Build.0 = Release|Any CPU
	EndGlobalSection
	GlobalSection(SolutionProperties) = preSolution
		HideSolutionNode = FALSE
	EndGlobalSection
	GlobalSection(ExtensibilityGlobals) = postSolution
		SolutionGuid = {08276CB0-5FCF-4A0C-9A3B-5E71F7F5ACE7}
	EndGlobalSection
EndGlobal
